
Microsoft Visual Studio Solution File, Format Version 12.00
# Visual Studio Version 17
VisualStudioVersion = 17.11.35312.102
MinimumVisualStudioVersion = 10.0.40219.1
Project("{8BC9CEB8-8B4A-11D0-8D11-00A0C91BC942}") = "Class activity 21", "Class activity 21\Class activity 21.vcxproj", "{6226BE76-9BC3-495F-9D15-5720FE58EAC0}"
EndProject
Global
	GlobalSection(SolutionConfigurationPlatforms) = preSolution
		Debug|x64 = Debug|x64
		Debug|x86 = Debug|x86
		Release|x64 = Release|x64
		Release|x86 = Release|x86
	EndGlobalSection
	GlobalSection(ProjectConfigurationPlatforms) = postSolution
		{6226BE76-9BC3-495F-9D15-5720FE58EAC0}.Debug|x64.ActiveCfg = Debug|x64
		{6226BE76-9BC3-495F-9D15-5720FE58EAC0}.Debug|x64.Build.0 = Debug|x64
		{6226BE76-9BC3-495F-9D15-5720FE58EAC0}.Debug|x86.ActiveCfg = Debug|Win32
		{6226BE76-9BC3-495F-9D15-5720FE58EAC0}.Debug|x86.Build.0 = Debug|Win32
		{6226BE76-9BC3-495F-9D15-5720FE58EAC0}.Release|x64.ActiveCfg = Release|x64
		{6226BE76-9BC3-495F-9D15-5720FE58EAC0}.Release|x64.Build.0 = Release|x64
		{6226BE76-9BC3-495F-9D15-5720FE58EAC0}.Release|x86.ActiveCfg = Release|Win32
		{6226BE76-9BC3-495F-9D15-5720FE58EAC0}.Release|x86.Build.0 = Release|Win32
	EndGlobalSection
	GlobalSection(SolutionProperties) = preSolution
		HideSolutionNode = FALSE
	EndGlobalSection
	GlobalSection(ExtensibilityGlobals) = postSolution
		SolutionGuid = {1E3F90A1-F28B-48B9-8160-E183CEB0AD60}
	EndGlobalSection
EndGlobal
